
Microsoft Visual Studio Solution File, Format Version 11.00
# Visual Studio 2010
Project("{FAE04EC0-301F-11D3-BF4B-00C04F79EFBC}") = "Integer.Web", "Integer.Web\Integer.Web.csproj", "{757FDF06-399E-42AB-984E-698F3F837072}"
EndProject
Project("{FAE04EC0-301F-11D3-BF4B-00C04F79EFBC}") = "Integer.UnitTests", "Integer.Test\Integer.UnitTests.csproj", "{2FD1BAE1-7B85-4077-9611-346D0FF50C1A}"
EndProject
Project("{FAE04EC0-301F-11D3-BF4B-00C04F79EFBC}") = "Integer.Domain", "Integer.Domain\Integer.Domain.csproj", "{6D72F9EE-9D92-4E5B-A359-79C3A4271154}"
EndProject
Project("{FAE04EC0-301F-11D3-BF4B-00C04F79EFBC}") = "Integer.Infrastructure", "Integer.Infrastructure\Integer.Infrastructure.csproj", "{40103D98-6F26-4BCD-A994-7A16567F713B}"
EndProject
Global
	GlobalSection(SolutionConfigurationPlatforms) = preSolution
		Debug|Any CPU = Debug|Any CPU
		Release|Any CPU = Release|Any CPU
	EndGlobalSection
	GlobalSection(ProjectConfigurationPlatforms) = postSolution
		{757FDF06-399E-42AB-984E-698F3F837072}.Debug|Any CPU.ActiveCfg = Debug|Any CPU
		{757FDF06-399E-42AB-984E-698F3F837072}.Debug|Any CPU.Build.0 = Debug|Any CPU
		{757FDF06-399E-42AB-984E-698F3F837072}.Release|Any CPU.ActiveCfg = Release|Any CPU
		{757FDF06-399E-42AB-984E-698F3F837072}.Release|Any CPU.Build.0 = Release|Any CPU
		{2FD1BAE1-7B85-4077-9611-346D0FF50C1A}.Debug|Any CPU.ActiveCfg = Debug|Any CPU
		{2FD1BAE1-7B85-4077-9611-346D0FF50C1A}.Debug|Any CPU.Build.0 = Debug|Any CPU
		{2FD1BAE1-7B85-4077-9611-346D0FF50C1A}.Release|Any CPU.ActiveCfg = Release|Any CPU
		{2FD1BAE1-7B85-4077-9611-346D0FF50C1A}.Release|Any CPU.Build.0 = Release|Any CPU
		{6D72F9EE-9D92-4E5B-A359-79C3A4271154}.Debug|Any CPU.ActiveCfg = Debug|Any CPU
		{6D72F9EE-9D92-4E5B-A359-79C3A4271154}.Debug|Any CPU.Build.0 = Debug|Any CPU
		{6D72F9EE-9D92-4E5B-A359-79C3A4271154}.Release|Any CPU.ActiveCfg = Release|Any CPU
		{6D72F9EE-9D92-4E5B-A359-79C3A4271154}.Release|Any CPU.Build.0 = Release|Any CPU
		{40103D98-6F26-4BCD-A994-7A16567F713B}.Debug|Any CPU.ActiveCfg = Debug|Any CPU
		{40103D98-6F26-4BCD-A994-7A16567F713B}.Debug|Any CPU.Build.0 = Debug|Any CPU
		{40103D98-6F26-4BCD-A994-7A16567F713B}.Release|Any CPU.ActiveCfg = Release|Any CPU
		{40103D98-6F26-4BCD-A994-7A16567F713B}.Release|Any CPU.Build.0 = Release|Any CPU
	EndGlobalSection
	GlobalSection(SolutionProperties) = preSolution
		HideSolutionNode = FALSE
	EndGlobalSection
EndGlobal
